
Microsoft Visual Studio Solution File, Format Version 12.00
# Visual Studio 15
VisualStudioVersion = 15.0.26730.16
MinimumVisualStudioVersion = 10.0.40219.1
Project("{FAE04EC0-301F-11D3-BF4B-00C04F79EFBC}") = "resumeOnline", "resumeOnline\resumeOnline.csproj", "{90F57E94-A327-4619-9FAD-A9E0DA48FFBD}"
EndProject
Global
	GlobalSection(SolutionConfigurationPlatforms) = preSolution
		Debug|Any CPU = Debug|Any CPU
		Release|Any CPU = Release|Any CPU
	EndGlobalSection
	GlobalSection(ProjectConfigurationPlatforms) = postSolution
		{90F57E94-A327-4619-9FAD-A9E0DA48FFBD}.Debug|Any CPU.ActiveCfg = Debug|Any CPU
		{90F57E94-A327-4619-9FAD-A9E0DA48FFBD}.Debug|Any CPU.Build.0 = Debug|Any CPU
		{90F57E94-A327-4619-9FAD-A9E0DA48FFBD}.Release|Any CPU.ActiveCfg = Release|Any CPU
		{90F57E94-A327-4619-9FAD-A9E0DA48FFBD}.Release|Any CPU.Build.0 = Release|Any CPU
	EndGlobalSection
	GlobalSection(SolutionProperties) = preSolution
		HideSolutionNode = FALSE
	EndGlobalSection
	GlobalSection(ExtensibilityGlobals) = postSolution
		SolutionGuid = {561F2D64-931A-44BC-BBD6-A3E507D01013}
	EndGlobalSection
EndGlobal
